
Microsoft Visual Studio Solution File, Format Version 12.00
# Visual Studio Version 17
VisualStudioVersion = 17.0.32126.317
MinimumVisualStudioVersion = 10.0.40219.1
Project("{FAE04EC0-301F-11D3-BF4B-00C04F79EFBC}") = "ReadFile", "ReadFile.csproj", "{930D2A5A-D02A-4F2C-B404-EC3D098F2FE9}"
EndProject
Global
	GlobalSection(SolutionConfigurationPlatforms) = preSolution
		Debug|Any CPU = Debug|Any CPU
		Release|Any CPU = Release|Any CPU
	EndGlobalSection
	GlobalSection(ProjectConfigurationPlatforms) = postSolution
		{930D2A5A-D02A-4F2C-B404-EC3D098F2FE9}.Debug|Any CPU.ActiveCfg = Debug|Any CPU
		{930D2A5A-D02A-4F2C-B404-EC3D098F2FE9}.Debug|Any CPU.Build.0 = Debug|Any CPU
		{930D2A5A-D02A-4F2C-B404-EC3D098F2FE9}.Release|Any CPU.ActiveCfg = Release|Any CPU
		{930D2A5A-D02A-4F2C-B404-EC3D098F2FE9}.Release|Any CPU.Build.0 = Release|Any CPU
	EndGlobalSection
	GlobalSection(SolutionProperties) = preSolution
		HideSolutionNode = FALSE
	EndGlobalSection
	GlobalSection(ExtensibilityGlobals) = postSolution
		SolutionGuid = {DCAFE3CA-3252-4F2C-9058-3D5AB19F012C}
	EndGlobalSection
EndGlobal
