
Microsoft Visual Studio Solution File, Format Version 12.00
# Visual Studio Version 17
VisualStudioVersion = 17.0.32126.317
MinimumVisualStudioVersion = 10.0.40219.1
Project("{FAE04EC0-301F-11D3-BF4B-00C04F79EFBC}") = "FileWatch", "FileWatch.csproj", "{A7D8A477-A78C-40F1-BAE5-14464F70121C}"
EndProject
Global
	GlobalSection(SolutionConfigurationPlatforms) = preSolution
		Debug|Any CPU = Debug|Any CPU
		Release|Any CPU = Release|Any CPU
	EndGlobalSection
	GlobalSection(ProjectConfigurationPlatforms) = postSolution
		{A7D8A477-A78C-40F1-BAE5-14464F70121C}.Debug|Any CPU.ActiveCfg = Debug|Any CPU
		{A7D8A477-A78C-40F1-BAE5-14464F70121C}.Debug|Any CPU.Build.0 = Debug|Any CPU
		{A7D8A477-A78C-40F1-BAE5-14464F70121C}.Release|Any CPU.ActiveCfg = Release|Any CPU
		{A7D8A477-A78C-40F1-BAE5-14464F70121C}.Release|Any CPU.Build.0 = Release|Any CPU
	EndGlobalSection
	GlobalSection(SolutionProperties) = preSolution
		HideSolutionNode = FALSE
	EndGlobalSection
	GlobalSection(ExtensibilityGlobals) = postSolution
		SolutionGuid = {50603E3F-5E47-43C5-B701-522CFBE9EB34}
	EndGlobalSection
EndGlobal
