
Microsoft Visual Studio Solution File, Format Version 12.00
# Visual Studio Version 17
VisualStudioVersion = 17.0.32126.317
MinimumVisualStudioVersion = 10.0.40219.1
Project("{FAE04EC0-301F-11D3-BF4B-00C04F79EFBC}") = "Ch11Ex02", "Ch11Ex02.csproj", "{2F9AD938-DC1D-4A65-80C6-C6EB9DD366B4}"
EndProject
Global
	GlobalSection(SolutionConfigurationPlatforms) = preSolution
		Debug|Any CPU = Debug|Any CPU
		Release|Any CPU = Release|Any CPU
	EndGlobalSection
	GlobalSection(ProjectConfigurationPlatforms) = postSolution
		{2F9AD938-DC1D-4A65-80C6-C6EB9DD366B4}.Debug|Any CPU.ActiveCfg = Debug|Any CPU
		{2F9AD938-DC1D-4A65-80C6-C6EB9DD366B4}.Debug|Any CPU.Build.0 = Debug|Any CPU
		{2F9AD938-DC1D-4A65-80C6-C6EB9DD366B4}.Release|Any CPU.ActiveCfg = Release|Any CPU
		{2F9AD938-DC1D-4A65-80C6-C6EB9DD366B4}.Release|Any CPU.Build.0 = Release|Any CPU
	EndGlobalSection
	GlobalSection(SolutionProperties) = preSolution
		HideSolutionNode = FALSE
	EndGlobalSection
	GlobalSection(ExtensibilityGlobals) = postSolution
		SolutionGuid = {EDE5EC93-492C-4CB4-AB06-1B2F05BCA516}
	EndGlobalSection
EndGlobal
