
Microsoft Visual Studio Solution File, Format Version 12.00
# Visual Studio Version 17
VisualStudioVersion = 17.0.32126.317
MinimumVisualStudioVersion = 10.0.40219.1
Project("{FAE04EC0-301F-11D3-BF4B-00C04F79EFBC}") = "ConsoleApp1", "ConsoleApp1.csproj", "{926A56F9-1364-47EA-934E-85FE300148D8}"
EndProject
Global
	GlobalSection(SolutionConfigurationPlatforms) = preSolution
		Debug|Any CPU = Debug|Any CPU
		Release|Any CPU = Release|Any CPU
	EndGlobalSection
	GlobalSection(ProjectConfigurationPlatforms) = postSolution
		{926A56F9-1364-47EA-934E-85FE300148D8}.Debug|Any CPU.ActiveCfg = Debug|Any CPU
		{926A56F9-1364-47EA-934E-85FE300148D8}.Debug|Any CPU.Build.0 = Debug|Any CPU
		{926A56F9-1364-47EA-934E-85FE300148D8}.Release|Any CPU.ActiveCfg = Release|Any CPU
		{926A56F9-1364-47EA-934E-85FE300148D8}.Release|Any CPU.Build.0 = Release|Any CPU
	EndGlobalSection
	GlobalSection(SolutionProperties) = preSolution
		HideSolutionNode = FALSE
	EndGlobalSection
	GlobalSection(ExtensibilityGlobals) = postSolution
		SolutionGuid = {1EADD496-B94A-436B-80D8-57736EF04311}
	EndGlobalSection
EndGlobal
