
Microsoft Visual Studio Solution File, Format Version 12.00
# Visual Studio Version 17
VisualStudioVersion = 17.0.32126.317
MinimumVisualStudioVersion = 10.0.40219.1
Project("{FAE04EC0-301F-11D3-BF4B-00C04F79EFBC}") = "StreamRead", "StreamRead.csproj", "{892B5DC0-9935-4B64-AED1-73A731BAFE5A}"
EndProject
Global
	GlobalSection(SolutionConfigurationPlatforms) = preSolution
		Debug|Any CPU = Debug|Any CPU
		Release|Any CPU = Release|Any CPU
	EndGlobalSection
	GlobalSection(ProjectConfigurationPlatforms) = postSolution
		{892B5DC0-9935-4B64-AED1-73A731BAFE5A}.Debug|Any CPU.ActiveCfg = Debug|Any CPU
		{892B5DC0-9935-4B64-AED1-73A731BAFE5A}.Debug|Any CPU.Build.0 = Debug|Any CPU
		{892B5DC0-9935-4B64-AED1-73A731BAFE5A}.Release|Any CPU.ActiveCfg = Release|Any CPU
		{892B5DC0-9935-4B64-AED1-73A731BAFE5A}.Release|Any CPU.Build.0 = Release|Any CPU
	EndGlobalSection
	GlobalSection(SolutionProperties) = preSolution
		HideSolutionNode = FALSE
	EndGlobalSection
	GlobalSection(ExtensibilityGlobals) = postSolution
		SolutionGuid = {2ED6E335-1606-4589-9459-CADAFC7D8050}
	EndGlobalSection
EndGlobal
