
Microsoft Visual Studio Solution File, Format Version 12.00
# Visual Studio Version 17
VisualStudioVersion = 17.0.32126.317
MinimumVisualStudioVersion = 10.0.40219.1
Project("{FAE04EC0-301F-11D3-BF4B-00C04F79EFBC}") = "Ch03Ex02", "Ch03Ex02.csproj", "{C950EDA5-2B22-49D1-AB8A-491F86545D41}"
EndProject
Global
	GlobalSection(SolutionConfigurationPlatforms) = preSolution
		Debug|Any CPU = Debug|Any CPU
		Release|Any CPU = Release|Any CPU
	EndGlobalSection
	GlobalSection(ProjectConfigurationPlatforms) = postSolution
		{C950EDA5-2B22-49D1-AB8A-491F86545D41}.Debug|Any CPU.ActiveCfg = Debug|Any CPU
		{C950EDA5-2B22-49D1-AB8A-491F86545D41}.Debug|Any CPU.Build.0 = Debug|Any CPU
		{C950EDA5-2B22-49D1-AB8A-491F86545D41}.Release|Any CPU.ActiveCfg = Release|Any CPU
		{C950EDA5-2B22-49D1-AB8A-491F86545D41}.Release|Any CPU.Build.0 = Release|Any CPU
	EndGlobalSection
	GlobalSection(SolutionProperties) = preSolution
		HideSolutionNode = FALSE
	EndGlobalSection
	GlobalSection(ExtensibilityGlobals) = postSolution
		SolutionGuid = {53FCBD32-D0E5-441E-8982-FA85E4F5C275}
	EndGlobalSection
EndGlobal
