
Microsoft Visual Studio Solution File, Format Version 12.00
# Visual Studio Version 17
VisualStudioVersion = 17.0.32126.317
MinimumVisualStudioVersion = 10.0.40219.1
Project("{FAE04EC0-301F-11D3-BF4B-00C04F79EFBC}") = "BeginningCSharpAndDotNET_16_11_JoinQuery", "BeginningCSharpAndDotNET_16_11_JoinQuery.csproj", "{64548C10-EDD0-47F8-A30C-EB0A06B16CA3}"
EndProject
Global
	GlobalSection(SolutionConfigurationPlatforms) = preSolution
		Debug|Any CPU = Debug|Any CPU
		Release|Any CPU = Release|Any CPU
	EndGlobalSection
	GlobalSection(ProjectConfigurationPlatforms) = postSolution
		{64548C10-EDD0-47F8-A30C-EB0A06B16CA3}.Debug|Any CPU.ActiveCfg = Debug|Any CPU
		{64548C10-EDD0-47F8-A30C-EB0A06B16CA3}.Debug|Any CPU.Build.0 = Debug|Any CPU
		{64548C10-EDD0-47F8-A30C-EB0A06B16CA3}.Release|Any CPU.ActiveCfg = Release|Any CPU
		{64548C10-EDD0-47F8-A30C-EB0A06B16CA3}.Release|Any CPU.Build.0 = Release|Any CPU
	EndGlobalSection
	GlobalSection(SolutionProperties) = preSolution
		HideSolutionNode = FALSE
	EndGlobalSection
	GlobalSection(ExtensibilityGlobals) = postSolution
		SolutionGuid = {8FF512F4-C3C1-414E-ABFB-3E65754D2E4C}
	EndGlobalSection
EndGlobal
