
Microsoft Visual Studio Solution File, Format Version 12.00
# Visual Studio Version 17
VisualStudioVersion = 17.0.32126.317
MinimumVisualStudioVersion = 10.0.40219.1
Project("{FAE04EC0-301F-11D3-BF4B-00C04F79EFBC}") = "CSharpAndDotNet_17_1_CodeFirstDatabase", "CSharpAndDotNet_17_1_CodeFirstDatabase.csproj", "{31DC71D9-0EEF-4B72-BDE7-9DA289BC7B9B}"
EndProject
Global
	GlobalSection(SolutionConfigurationPlatforms) = preSolution
		Debug|Any CPU = Debug|Any CPU
		Release|Any CPU = Release|Any CPU
	EndGlobalSection
	GlobalSection(ProjectConfigurationPlatforms) = postSolution
		{31DC71D9-0EEF-4B72-BDE7-9DA289BC7B9B}.Debug|Any CPU.ActiveCfg = Debug|Any CPU
		{31DC71D9-0EEF-4B72-BDE7-9DA289BC7B9B}.Debug|Any CPU.Build.0 = Debug|Any CPU
		{31DC71D9-0EEF-4B72-BDE7-9DA289BC7B9B}.Release|Any CPU.ActiveCfg = Release|Any CPU
		{31DC71D9-0EEF-4B72-BDE7-9DA289BC7B9B}.Release|Any CPU.Build.0 = Release|Any CPU
	EndGlobalSection
	GlobalSection(SolutionProperties) = preSolution
		HideSolutionNode = FALSE
	EndGlobalSection
	GlobalSection(ExtensibilityGlobals) = postSolution
		SolutionGuid = {70FE6168-885E-449F-9004-C09C3715F96E}
	EndGlobalSection
EndGlobal
