
Microsoft Visual Studio Solution File, Format Version 12.00
# Visual Studio Version 17
VisualStudioVersion = 17.0.32126.317
MinimumVisualStudioVersion = 10.0.40219.1
Project("{FAE04EC0-301F-11D3-BF4B-00C04F79EFBC}") = "Ch03Ex01", "Ch03Ex01.csproj", "{75424D99-5645-4F51-9003-DD28B52BDFE8}"
EndProject
Global
	GlobalSection(SolutionConfigurationPlatforms) = preSolution
		Debug|Any CPU = Debug|Any CPU
		Release|Any CPU = Release|Any CPU
	EndGlobalSection
	GlobalSection(ProjectConfigurationPlatforms) = postSolution
		{75424D99-5645-4F51-9003-DD28B52BDFE8}.Debug|Any CPU.ActiveCfg = Debug|Any CPU
		{75424D99-5645-4F51-9003-DD28B52BDFE8}.Debug|Any CPU.Build.0 = Debug|Any CPU
		{75424D99-5645-4F51-9003-DD28B52BDFE8}.Release|Any CPU.ActiveCfg = Release|Any CPU
		{75424D99-5645-4F51-9003-DD28B52BDFE8}.Release|Any CPU.Build.0 = Release|Any CPU
	EndGlobalSection
	GlobalSection(SolutionProperties) = preSolution
		HideSolutionNode = FALSE
	EndGlobalSection
	GlobalSection(ExtensibilityGlobals) = postSolution
		SolutionGuid = {2909E109-7F3E-41D7-A70E-4EFBC34FDBBF}
	EndGlobalSection
EndGlobal
