
Microsoft Visual Studio Solution File, Format Version 12.00
# Visual Studio Version 17
VisualStudioVersion = 17.0.32126.317
MinimumVisualStudioVersion = 10.0.40219.1
Project("{FAE04EC0-301F-11D3-BF4B-00C04F79EFBC}") = "BeginningCSharpAndDotNET_16_4_QueringPerson", "BeginningCSharpAndDotNET_16_4_QueringPerson.csproj", "{16FA02C9-1FED-41C3-B326-99025648A8F0}"
EndProject
Global
	GlobalSection(SolutionConfigurationPlatforms) = preSolution
		Debug|Any CPU = Debug|Any CPU
		Release|Any CPU = Release|Any CPU
	EndGlobalSection
	GlobalSection(ProjectConfigurationPlatforms) = postSolution
		{16FA02C9-1FED-41C3-B326-99025648A8F0}.Debug|Any CPU.ActiveCfg = Debug|Any CPU
		{16FA02C9-1FED-41C3-B326-99025648A8F0}.Debug|Any CPU.Build.0 = Debug|Any CPU
		{16FA02C9-1FED-41C3-B326-99025648A8F0}.Release|Any CPU.ActiveCfg = Release|Any CPU
		{16FA02C9-1FED-41C3-B326-99025648A8F0}.Release|Any CPU.Build.0 = Release|Any CPU
	EndGlobalSection
	GlobalSection(SolutionProperties) = preSolution
		HideSolutionNode = FALSE
	EndGlobalSection
	GlobalSection(ExtensibilityGlobals) = postSolution
		SolutionGuid = {38347C73-4549-4341-9B1E-ED392D47A048}
	EndGlobalSection
EndGlobal
