
Microsoft Visual Studio Solution File, Format Version 12.00
# Visual Studio Version 17
VisualStudioVersion = 17.0.32126.317
MinimumVisualStudioVersion = 10.0.40219.1
Project("{FAE04EC0-301F-11D3-BF4B-00C04F79EFBC}") = "BeginningCSharpAndDotNET_16_3_QuerySyntax", "BeginningCSharpAndDotNET_16_3_QuerySyntax.csproj", "{F784F646-F464-4CDD-B57F-C3A88D4ABFAA}"
EndProject
Global
	GlobalSection(SolutionConfigurationPlatforms) = preSolution
		Debug|Any CPU = Debug|Any CPU
		Release|Any CPU = Release|Any CPU
	EndGlobalSection
	GlobalSection(ProjectConfigurationPlatforms) = postSolution
		{F784F646-F464-4CDD-B57F-C3A88D4ABFAA}.Debug|Any CPU.ActiveCfg = Debug|Any CPU
		{F784F646-F464-4CDD-B57F-C3A88D4ABFAA}.Debug|Any CPU.Build.0 = Debug|Any CPU
		{F784F646-F464-4CDD-B57F-C3A88D4ABFAA}.Release|Any CPU.ActiveCfg = Release|Any CPU
		{F784F646-F464-4CDD-B57F-C3A88D4ABFAA}.Release|Any CPU.Build.0 = Release|Any CPU
	EndGlobalSection
	GlobalSection(SolutionProperties) = preSolution
		HideSolutionNode = FALSE
	EndGlobalSection
	GlobalSection(ExtensibilityGlobals) = postSolution
		SolutionGuid = {1BF9A74F-095B-44F5-BF13-3FB56716A651}
	EndGlobalSection
EndGlobal
