
Microsoft Visual Studio Solution File, Format Version 12.00
# Visual Studio Version 17
VisualStudioVersion = 17.0.32126.317
MinimumVisualStudioVersion = 10.0.40219.1
Project("{FAE04EC0-301F-11D3-BF4B-00C04F79EFBC}") = "Ch04Ex4.2", "Ch04Ex4.2.csproj", "{AAE29E99-BD7D-4275-AC94-93E58110B3AB}"
EndProject
Global
	GlobalSection(SolutionConfigurationPlatforms) = preSolution
		Debug|Any CPU = Debug|Any CPU
		Release|Any CPU = Release|Any CPU
	EndGlobalSection
	GlobalSection(ProjectConfigurationPlatforms) = postSolution
		{AAE29E99-BD7D-4275-AC94-93E58110B3AB}.Debug|Any CPU.ActiveCfg = Debug|Any CPU
		{AAE29E99-BD7D-4275-AC94-93E58110B3AB}.Debug|Any CPU.Build.0 = Debug|Any CPU
		{AAE29E99-BD7D-4275-AC94-93E58110B3AB}.Release|Any CPU.ActiveCfg = Release|Any CPU
		{AAE29E99-BD7D-4275-AC94-93E58110B3AB}.Release|Any CPU.Build.0 = Release|Any CPU
	EndGlobalSection
	GlobalSection(SolutionProperties) = preSolution
		HideSolutionNode = FALSE
	EndGlobalSection
	GlobalSection(ExtensibilityGlobals) = postSolution
		SolutionGuid = {95903990-462C-490D-87F3-D9FC74E3D073}
	EndGlobalSection
EndGlobal
