
Microsoft Visual Studio Solution File, Format Version 12.00
# Visual Studio Version 17
VisualStudioVersion = 17.0.32126.317
MinimumVisualStudioVersion = 10.0.40219.1
Project("{FAE04EC0-301F-11D3-BF4B-00C04F79EFBC}") = "Ch04Ex4.1", "Ch04Ex4.1.csproj", "{935E13A6-B7DA-4481-A9EE-9745AB9D39CF}"
EndProject
Global
	GlobalSection(SolutionConfigurationPlatforms) = preSolution
		Debug|Any CPU = Debug|Any CPU
		Release|Any CPU = Release|Any CPU
	EndGlobalSection
	GlobalSection(ProjectConfigurationPlatforms) = postSolution
		{935E13A6-B7DA-4481-A9EE-9745AB9D39CF}.Debug|Any CPU.ActiveCfg = Debug|Any CPU
		{935E13A6-B7DA-4481-A9EE-9745AB9D39CF}.Debug|Any CPU.Build.0 = Debug|Any CPU
		{935E13A6-B7DA-4481-A9EE-9745AB9D39CF}.Release|Any CPU.ActiveCfg = Release|Any CPU
		{935E13A6-B7DA-4481-A9EE-9745AB9D39CF}.Release|Any CPU.Build.0 = Release|Any CPU
	EndGlobalSection
	GlobalSection(SolutionProperties) = preSolution
		HideSolutionNode = FALSE
	EndGlobalSection
	GlobalSection(ExtensibilityGlobals) = postSolution
		SolutionGuid = {35A7A019-99CA-4C77-BD9C-A880BCD00CEE}
	EndGlobalSection
EndGlobal
